// !$*UTF8*$!
{
	archiveVersion = 1;
	classes = {
	};
	objectVersion = 56;
	objects = {

/* Begin PBXBuildFile section */
		4B346D672AE19220009D98C5 /* PizzaUIApp.swift in Sources */ = {isa = PBXBuildFile; fileRef = 4B346D662AE19220009D98C5 /* PizzaUIApp.swift */; };
		4B346D692AE19220009D98C5 /* SplashView.swift in Sources */ = {isa = PBXBuildFile; fileRef = 4B346D682AE19220009D98C5 /* SplashView.swift */; };
		4B346D6B2AE19221009D98C5 /* Assets.xcassets in Resources */ = {isa = PBXBuildFile; fileRef = 4B346D6A2AE19221009D98C5 /* Assets.xcassets */; };
		4B346D6E2AE19221009D98C5 /* Preview Assets.xcassets in Resources */ = {isa = PBXBuildFile; fileRef = 4B346D6D2AE19221009D98C5 /* Preview Assets.xcassets */; };
		4B346D7C2AE1B1FD009D98C5 /* Color.swift in Sources */ = {isa = PBXBuildFile; fileRef = 4B346D7B2AE1B1FD009D98C5 /* Color.swift */; };
		4B346D7E2AE1B2D2009D98C5 /* View.swift in Sources */ = {isa = PBXBuildFile; fileRef = 4B346D7D2AE1B2D2009D98C5 /* View.swift */; };
		4B346D872AE1B4D6009D98C5 /* Figtree-Medium.ttf in Resources */ = {isa = PBXBuildFile; fileRef = 4B346D802AE1B4D6009D98C5 /* Figtree-Medium.ttf */; };
		4B346D882AE1B4D6009D98C5 /* Figtree-SemiBold.ttf in Resources */ = {isa = PBXBuildFile; fileRef = 4B346D812AE1B4D6009D98C5 /* Figtree-SemiBold.ttf */; };
		4B346D892AE1B4D6009D98C5 /* Figtree-Light.ttf in Resources */ = {isa = PBXBuildFile; fileRef = 4B346D822AE1B4D6009D98C5 /* Figtree-Light.ttf */; };
		4B346D8A2AE1B4D6009D98C5 /* Figtree-ExtraBold.ttf in Resources */ = {isa = PBXBuildFile; fileRef = 4B346D832AE1B4D6009D98C5 /* Figtree-ExtraBold.ttf */; };
		4B346D8B2AE1B4D6009D98C5 /* Figtree-Regular.ttf in Resources */ = {isa = PBXBuildFile; fileRef = 4B346D842AE1B4D6009D98C5 /* Figtree-Regular.ttf */; };
		4B346D8C2AE1B4D6009D98C5 /* Figtree-Bold.ttf in Resources */ = {isa = PBXBuildFile; fileRef = 4B346D852AE1B4D6009D98C5 /* Figtree-Bold.ttf */; };
		4B346D8D2AE1B4D6009D98C5 /* Figtree-Black.ttf in Resources */ = {isa = PBXBuildFile; fileRef = 4B346D862AE1B4D6009D98C5 /* Figtree-Black.ttf */; };
		4B346D8F2AE1B50C009D98C5 /* Fonts.swift in Sources */ = {isa = PBXBuildFile; fileRef = 4B346D8E2AE1B50C009D98C5 /* Fonts.swift */; };
/* End PBXBuildFile section */

/* Begin PBXFileReference section */
		4B346D632AE19220009D98C5 /* PizzaUI.app */ = {isa = PBXFileReference; explicitFileType = wrapper.application; includeInIndex = 0; path = PizzaUI.app; sourceTree = BUILT_PRODUCTS_DIR; };
		4B346D662AE19220009D98C5 /* PizzaUIApp.swift */ = {isa = PBXFileReference; lastKnownFileType = sourcecode.swift; path = PizzaUIApp.swift; sourceTree = "<group>"; };
		4B346D682AE19220009D98C5 /* SplashView.swift */ = {isa = PBXFileReference; lastKnownFileType = sourcecode.swift; path = SplashView.swift; sourceTree = "<group>"; };
		4B346D6A2AE19221009D98C5 /* Assets.xcassets */ = {isa = PBXFileReference; lastKnownFileType = folder.assetcatalog; path = Assets.xcassets; sourceTree = "<group>"; };
		4B346D6D2AE19221009D98C5 /* Preview Assets.xcassets */ = {isa = PBXFileReference; lastKnownFileType = folder.assetcatalog; path = "Preview Assets.xcassets"; sourceTree = "<group>"; };
		4B346D7B2AE1B1FD009D98C5 /* Color.swift */ = {isa = PBXFileReference; lastKnownFileType = sourcecode.swift; path = Color.swift; sourceTree = "<group>"; };
		4B346D7D2AE1B2D2009D98C5 /* View.swift */ = {isa = PBXFileReference; lastKnownFileType = sourcecode.swift; path = View.swift; sourceTree = "<group>"; };
		4B346D802AE1B4D6009D98C5 /* Figtree-Medium.ttf */ = {isa = PBXFileReference; lastKnownFileType = file; path = "Figtree-Medium.ttf"; sourceTree = "<group>"; };
		4B346D812AE1B4D6009D98C5 /* Figtree-SemiBold.ttf */ = {isa = PBXFileReference; lastKnownFileType = file; path = "Figtree-SemiBold.ttf"; sourceTree = "<group>"; };
		4B346D822AE1B4D6009D98C5 /* Figtree-Light.ttf */ = {isa = PBXFileReference; lastKnownFileType = file; path = "Figtree-Light.ttf"; sourceTree = "<group>"; };
		4B346D832AE1B4D6009D98C5 /* Figtree-ExtraBold.ttf */ = {isa = PBXFileReference; lastKnownFileType = file; path = "Figtree-ExtraBold.ttf"; sourceTree = "<group>"; };
		4B346D842AE1B4D6009D98C5 /* Figtree-Regular.ttf */ = {isa = PBXFileReference; lastKnownFileType = file; path = "Figtree-Regular.ttf"; sourceTree = "<group>"; };
		4B346D852AE1B4D6009D98C5 /* Figtree-Bold.ttf */ = {isa = PBXFileReference; lastKnownFileType = file; path = "Figtree-Bold.ttf"; sourceTree = "<group>"; };
		4B346D862AE1B4D6009D98C5 /* Figtree-Black.ttf */ = {isa = PBXFileReference; lastKnownFileType = file; path = "Figtree-Black.ttf"; sourceTree = "<group>"; };
		4B346D8E2AE1B50C009D98C5 /* Fonts.swift */ = {isa = PBXFileReference; lastKnownFileType = sourcecode.swift; path = Fonts.swift; sourceTree = "<group>"; };
		4B346D902AE1B6C4009D98C5 /* Info.plist */ = {isa = PBXFileReference; lastKnownFileType = text.plist; path = Info.plist; sourceTree = "<group>"; };
/* End PBXFileReference section */

/* Begin PBXFrameworksBuildPhase section */
		4B346D602AE19220009D98C5 /* Frameworks */ = {
			isa = PBXFrameworksBuildPhase;
			buildActionMask = 2147483647;
			files = (
			);
			runOnlyForDeploymentPostprocessing = 0;
		};
/* End PBXFrameworksBuildPhase section */

/* Begin PBXGroup section */
		4B346D5A2AE1921F009D98C5 = {
			isa = PBXGroup;
			children = (
				4B346D652AE19220009D98C5 /* PizzaUI */,
				4B346D642AE19220009D98C5 /* Products */,
			);
			sourceTree = "<group>";
		};
		4B346D642AE19220009D98C5 /* Products */ = {
			isa = PBXGroup;
			children = (
				4B346D632AE19220009D98C5 /* PizzaUI.app */,
			);
			name = Products;
			sourceTree = "<group>";
		};
		4B346D652AE19220009D98C5 /* PizzaUI */ = {
			isa = PBXGroup;
			children = (
				4B346D902AE1B6C4009D98C5 /* Info.plist */,
				4B346D742AE19661009D98C5 /* App */,
				4B346D752AE1966B009D98C5 /* Core */,
				4B346D792AE19715009D98C5 /* Extension */,
				4B346D782AE19704009D98C5 /* Model */,
				4B346D7A2AE19725009D98C5 /* Resources */,
				4B346D6C2AE19221009D98C5 /* Preview Content */,
			);
			path = PizzaUI;
			sourceTree = "<group>";
		};
		4B346D6C2AE19221009D98C5 /* Preview Content */ = {
			isa = PBXGroup;
			children = (
				4B346D6D2AE19221009D98C5 /* Preview Assets.xcassets */,
			);
			path = "Preview Content";
			sourceTree = "<group>";
		};
		4B346D742AE19661009D98C5 /* App */ = {
			isa = PBXGroup;
			children = (
				4B346D662AE19220009D98C5 /* PizzaUIApp.swift */,
			);
			path = App;
			sourceTree = "<group>";
		};
		4B346D752AE1966B009D98C5 /* Core */ = {
			isa = PBXGroup;
			children = (
				4B346D772AE196D4009D98C5 /* PizzaList */,
				4B346D762AE196CA009D98C5 /* Splash */,
			);
			path = Core;
			sourceTree = "<group>";
		};
		4B346D762AE196CA009D98C5 /* Splash */ = {
			isa = PBXGroup;
			children = (
				4B346D682AE19220009D98C5 /* SplashView.swift */,
			);
			path = Splash;
			sourceTree = "<group>";
		};
		4B346D772AE196D4009D98C5 /* PizzaList */ = {
			isa = PBXGroup;
			children = (
			);
			path = PizzaList;
			sourceTree = "<group>";
		};
		4B346D782AE19704009D98C5 /* Model */ = {
			isa = PBXGroup;
			children = (
			);
			path = Model;
			sourceTree = "<group>";
		};
		4B346D792AE19715009D98C5 /* Extension */ = {
			isa = PBXGroup;
			children = (
				4B346D7B2AE1B1FD009D98C5 /* Color.swift */,
				4B346D8E2AE1B50C009D98C5 /* Fonts.swift */,
				4B346D7D2AE1B2D2009D98C5 /* View.swift */,
			);
			path = Extension;
			sourceTree = "<group>";
		};
		4B346D7A2AE19725009D98C5 /* Resources */ = {
			isa = PBXGroup;
			children = (
				4B346D7F2AE1B4C7009D98C5 /* Fonts */,
				4B346D6A2AE19221009D98C5 /* Assets.xcassets */,
			);
			path = Resources;
			sourceTree = "<group>";
		};
		4B346D7F2AE1B4C7009D98C5 /* Fonts */ = {
			isa = PBXGroup;
			children = (
				4B346D862AE1B4D6009D98C5 /* Figtree-Black.ttf */,
				4B346D852AE1B4D6009D98C5 /* Figtree-Bold.ttf */,
				4B346D832AE1B4D6009D98C5 /* Figtree-ExtraBold.ttf */,
				4B346D822AE1B4D6009D98C5 /* Figtree-Light.ttf */,
				4B346D802AE1B4D6009D98C5 /* Figtree-Medium.ttf */,
				4B346D842AE1B4D6009D98C5 /* Figtree-Regular.ttf */,
				4B346D812AE1B4D6009D98C5 /* Figtree-SemiBold.ttf */,
			);
			name = Fonts;
			sourceTree = "<group>";
		};
/* End PBXGroup section */

/* Begin PBXNativeTarget section */
		4B346D622AE19220009D98C5 /* PizzaUI */ = {
			isa = PBXNativeTarget;
			buildConfigurationList = 4B346D712AE19221009D98C5 /* Build configuration list for PBXNativeTarget "PizzaUI" */;
			buildPhases = (
				4B346D5F2AE19220009D98C5 /* Sources */,
				4B346D602AE19220009D98C5 /* Frameworks */,
				4B346D612AE19220009D98C5 /* Resources */,
			);
			buildRules = (
			);
			dependencies = (
			);
			name = PizzaUI;
			productName = PizzaUI;
			productReference = 4B346D632AE19220009D98C5 /* PizzaUI.app */;
			productType = "com.apple.product-type.application";
		};
/* End PBXNativeTarget section */

/* Begin PBXProject section */
		4B346D5B2AE1921F009D98C5 /* Project object */ = {
			isa = PBXProject;
			attributes = {
				BuildIndependentTargetsInParallel = 1;
				LastSwiftUpdateCheck = 1500;
				LastUpgradeCheck = 1500;
				TargetAttributes = {
					4B346D622AE19220009D98C5 = {
						CreatedOnToolsVersion = 15.0;
					};
				};
			};
			buildConfigurationList = 4B346D5E2AE1921F009D98C5 /* Build configuration list for PBXProject "PizzaUI" */;
			compatibilityVersion = "Xcode 14.0";
			developmentRegion = en;
			hasScannedForEncodings = 0;
			knownRegions = (
				en,
				Base,
			);
			mainGroup = 4B346D5A2AE1921F009D98C5;
			productRefGroup = 4B346D642AE19220009D98C5 /* Products */;
			projectDirPath = "";
			projectRoot = "";
			targets = (
				4B346D622AE19220009D98C5 /* PizzaUI */,
			);
		};
/* End PBXProject section */

/* Begin PBXResourcesBuildPhase section */
		4B346D612AE19220009D98C5 /* Resources */ = {
			isa = PBXResourcesBuildPhase;
			buildActionMask = 2147483647;
			files = (
				4B346D8C2AE1B4D6009D98C5 /* Figtree-Bold.ttf in Resources */,
				4B346D8B2AE1B4D6009D98C5 /* Figtree-Regular.ttf in Resources */,
				4B346D6E2AE19221009D98C5 /* Preview Assets.xcassets in Resources */,
				4B346D6B2AE19221009D98C5 /* Assets.xcassets in Resources */,
				4B346D892AE1B4D6009D98C5 /* Figtree-Light.ttf in Resources */,
				4B346D8A2AE1B4D6009D98C5 /* Figtree-ExtraBold.ttf in Resources */,
				4B346D8D2AE1B4D6009D98C5 /* Figtree-Black.ttf in Resources */,
				4B346D882AE1B4D6009D98C5 /* Figtree-SemiBold.ttf in Resources */,
				4B346D872AE1B4D6009D98C5 /* Figtree-Medium.ttf in Resources */,
			);
			runOnlyForDeploymentPostprocessing = 0;
		};
/* End PBXResourcesBuildPhase section */

/* Begin PBXSourcesBuildPhase section */
		4B346D5F2AE19220009D98C5 /* Sources */ = {
			isa = PBXSourcesBuildPhase;
			buildActionMask = 2147483647;
			files = (
				4B346D7E2AE1B2D2009D98C5 /* View.swift in Sources */,
				4B346D8F2AE1B50C009D98C5 /* Fonts.swift in Sources */,
				4B346D692AE19220009D98C5 /* SplashView.swift in Sources */,
				4B346D672AE19220009D98C5 /* PizzaUIApp.swift in Sources */,
				4B346D7C2AE1B1FD009D98C5 /* Color.swift in Sources */,
			);
			runOnlyForDeploymentPostprocessing = 0;
		};
/* End PBXSourcesBuildPhase section */

/* Begin XCBuildConfiguration section */
		4B346D6F2AE19221009D98C5 /* Debug */ = {
			isa = XCBuildConfiguration;
			buildSettings = {
				ALWAYS_SEARCH_USER_PATHS = NO;
				ASSETCATALOG_COMPILER_GENERATE_SWIFT_ASSET_SYMBOL_EXTENSIONS = YES;
				CLANG_ANALYZER_NONNULL = YES;
				CLANG_ANALYZER_NUMBER_OBJECT_CONVERSION = YES_AGGRESSIVE;
				CLANG_CXX_LANGUAGE_STANDARD = "gnu++20";
				CLANG_ENABLE_MODULES = YES;
				CLANG_ENABLE_OBJC_ARC = YES;
				CLANG_ENABLE_OBJC_WEAK = YES;
				CLANG_WARN_BLOCK_CAPTURE_AUTORELEASING = YES;
				CLANG_WARN_BOOL_CONVERSION = YES;
				CLANG_WARN_COMMA = YES;
				CLANG_WARN_CONSTANT_CONVERSION = YES;
				CLANG_WARN_DEPRECATED_OBJC_IMPLEMENTATIONS = YES;
				CLANG_WARN_DIRECT_OBJC_ISA_USAGE = YES_ERROR;
				CLANG_WARN_DOCUMENTATION_COMMENTS = YES;
				CLANG_WARN_EMPTY_BODY = YES;
				CLANG_WARN_ENUM_CONVERSION = YES;
				CLANG_WARN_INFINITE_RECURSION = YES;
				CLANG_WARN_INT_CONVERSION = YES;
				CLANG_WARN_NON_LITERAL_NULL_CONVERSION = YES;
				CLANG_WARN_OBJC_IMPLICIT_RETAIN_SELF = YES;
				CLANG_WARN_OBJC_LITERAL_CONVERSION = YES;
				CLANG_WARN_OBJC_ROOT_CLASS = YES_ERROR;
				CLANG_WARN_QUOTED_INCLUDE_IN_FRAMEWORK_HEADER = YES;
				CLANG_WARN_RANGE_LOOP_ANALYSIS = YES;
				CLANG_WARN_STRICT_PROTOTYPES = YES;
				CLANG_WARN_SUSPICIOUS_MOVE = YES;
				CLANG_WARN_UNGUARDED_AVAILABILITY = YES_AGGRESSIVE;
				CLANG_WARN_UNREACHABLE_CODE = YES;
				CLANG_WARN__DUPLICATE_METHOD_MATCH = YES;
				COPY_PHASE_STRIP = NO;
				DEBUG_INFORMATION_FORMAT = dwarf;
				ENABLE_STRICT_OBJC_MSGSEND = YES;
				ENABLE_TESTABILITY = YES;
				ENABLE_USER_SCRIPT_SANDBOXING = YES;
				GCC_C_LANGUAGE_STANDARD = gnu17;
				GCC_DYNAMIC_NO_PIC = NO;
				GCC_NO_COMMON_BLOCKS = YES;
				GCC_OPTIMIZATION_LEVEL = 0;
				GCC_PREPROCESSOR_DEFINITIONS = (
					"DEBUG=1",
					"$(inherited)",
				);
				GCC_WARN_64_TO_32_BIT_CONVERSION = YES;
				GCC_WARN_ABOUT_RETURN_TYPE = YES_ERROR;
				GCC_WARN_UNDECLARED_SELECTOR = YES;
				GCC_WARN_UNINITIALIZED_AUTOS = YES_AGGRESSIVE;
				GCC_WARN_UNUSED_FUNCTION = YES;
				GCC_WARN_UNUSED_VARIABLE = YES;
				IPHONEOS_DEPLOYMENT_TARGET = 17.0;
				LOCALIZATION_PREFERS_STRING_CATALOGS = YES;
				MTL_ENABLE_DEBUG_INFO = INCLUDE_SOURCE;
				MTL_FAST_MATH = YES;
				ONLY_ACTIVE_ARCH = YES;
				SDKROOT = iphoneos;
				SWIFT_ACTIVE_COMPILATION_CONDITIONS = "DEBUG $(inherited)";
				SWIFT_OPTIMIZATION_LEVEL = "-Onone";
			};
			name = Debug;
		};
		4B346D702AE19221009D98C5 /* Release */ = {
			isa = XCBuildConfiguration;
			buildSettings = {
				ALWAYS_SEARCH_USER_PATHS = NO;
				ASSETCATALOG_COMPILER_GENERATE_SWIFT_ASSET_SYMBOL_EXTENSIONS = YES;
				CLANG_ANALYZER_NONNULL = YES;
				CLANG_ANALYZER_NUMBER_OBJECT_CONVERSION = YES_AGGRESSIVE;
				CLANG_CXX_LANGUAGE_STANDARD = "gnu++20";
				CLANG_ENABLE_MODULES = YES;
				CLANG_ENABLE_OBJC_ARC = YES;
				CLANG_ENABLE_OBJC_WEAK = YES;
				CLANG_WARN_BLOCK_CAPTURE_AUTORELEASING = YES;
				CLANG_WARN_BOOL_CONVERSION = YES;
				CLANG_WARN_COMMA = YES;
				CLANG_WARN_CONSTANT_CONVERSION = YES;
				CLANG_WARN_DEPRECATED_OBJC_IMPLEMENTATIONS = YES;
				CLANG_WARN_DIRECT_OBJC_ISA_USAGE = YES_ERROR;
				CLANG_WARN_DOCUMENTATION_COMMENTS = YES;
				CLANG_WARN_EMPTY_BODY = YES;
				CLANG_WARN_ENUM_CONVERSION = YES;
				CLANG_WARN_INFINITE_RECURSION = YES;
				CLANG_WARN_INT_CONVERSION = YES;
				CLANG_WARN_NON_LITERAL_NULL_CONVERSION = YES;
				CLANG_WARN_OBJC_IMPLICIT_RETAIN_SELF = YES;
				CLANG_WARN_OBJC_LITERAL_CONVERSION = YES;
				CLANG_WARN_OBJC_ROOT_CLASS = YES_ERROR;
				CLANG_WARN_QUOTED_INCLUDE_IN_FRAMEWORK_HEADER = YES;
				CLANG_WARN_RANGE_LOOP_ANALYSIS = YES;
				CLANG_WARN_STRICT_PROTOTYPES = YES;
				CLANG_WARN_SUSPICIOUS_MOVE = YES;
				CLANG_WARN_UNGUARDED_AVAILABILITY = YES_AGGRESSIVE;
				CLANG_WARN_UNREACHABLE_CODE = YES;
				CLANG_WARN__DUPLICATE_METHOD_MATCH = YES;
				COPY_PHASE_STRIP = NO;
				DEBUG_INFORMATION_FORMAT = "dwarf-with-dsym";
				ENABLE_NS_ASSERTIONS = NO;
				ENABLE_STRICT_OBJC_MSGSEND = YES;
				ENABLE_USER_SCRIPT_SANDBOXING = YES;
				GCC_C_LANGUAGE_STANDARD = gnu17;
				GCC_NO_COMMON_BLOCKS = YES;
				GCC_WARN_64_TO_32_BIT_CONVERSION = YES;
				GCC_WARN_ABOUT_RETURN_TYPE = YES_ERROR;
				GCC_WARN_UNDECLARED_SELECTOR = YES;
				GCC_WARN_UNINITIALIZED_AUTOS = YES_AGGRESSIVE;
				GCC_WARN_UNUSED_FUNCTION = YES;
				GCC_WARN_UNUSED_VARIABLE = YES;
				IPHONEOS_DEPLOYMENT_TARGET = 17.0;
				LOCALIZATION_PREFERS_STRING_CATALOGS = YES;
				MTL_ENABLE_DEBUG_INFO = NO;
				MTL_FAST_MATH = YES;
				SDKROOT = iphoneos;
				SWIFT_COMPILATION_MODE = wholemodule;
				VALIDATE_PRODUCT = YES;
			};
			name = Release;
		};
		4B346D722AE19221009D98C5 /* Debug */ = {
			isa = XCBuildConfiguration;
			buildSettings = {
				ASSETCATALOG_COMPILER_APPICON_NAME = AppIcon;
				ASSETCATALOG_COMPILER_GLOBAL_ACCENT_COLOR_NAME = AccentColor;
				CODE_SIGN_STYLE = Automatic;
				CURRENT_PROJECT_VERSION = 1;
				DEVELOPMENT_ASSET_PATHS = "\"PizzaUI/Preview Content\"";
				DEVELOPMENT_TEAM = 3RQAYNAD56;
				ENABLE_PREVIEWS = YES;
				GENERATE_INFOPLIST_FILE = YES;
				INFOPLIST_FILE = PizzaUI/Info.plist;
				INFOPLIST_KEY_UIApplicationSceneManifest_Generation = YES;
				INFOPLIST_KEY_UIApplicationSupportsIndirectInputEvents = YES;
				INFOPLIST_KEY_UILaunchScreen_Generation = YES;
				INFOPLIST_KEY_UISupportedInterfaceOrientations_iPad = "UIInterfaceOrientationPortrait UIInterfaceOrientationPortraitUpsideDown UIInterfaceOrientationLandscapeLeft UIInterfaceOrientationLandscapeRight";
				INFOPLIST_KEY_UISupportedInterfaceOrientations_iPhone = "UIInterfaceOrientationPortrait UIInterfaceOrientationLandscapeLeft UIInterfaceOrientationLandscapeRight";
				LD_RUNPATH_SEARCH_PATHS = (
					"$(inherited)",
					"@executable_path/Frameworks",
				);
				MARKETING_VERSION = 1.0;
				PRODUCT_BUNDLE_IDENTIFIER = com.bsc.PizzaUI;
				PRODUCT_NAME = "$(TARGET_NAME)";
				SWIFT_EMIT_LOC_STRINGS = YES;
				SWIFT_VERSION = 5.0;
				TARGETED_DEVICE_FAMILY = "1,2";
			};
			name = Debug;
		};
		4B346D732AE19221009D98C5 /* Release */ = {
			isa = XCBuildConfiguration;
			buildSettings = {
				ASSETCATALOG_COMPILER_APPICON_NAME = AppIcon;
				ASSETCATALOG_COMPILER_GLOBAL_ACCENT_COLOR_NAME = AccentColor;
				CODE_SIGN_STYLE = Automatic;
				CURRENT_PROJECT_VERSION = 1;
				DEVELOPMENT_ASSET_PATHS = "\"PizzaUI/Preview Content\"";
				DEVELOPMENT_TEAM = 3RQAYNAD56;
				ENABLE_PREVIEWS = YES;
				GENERATE_INFOPLIST_FILE = YES;
				INFOPLIST_FILE = PizzaUI/Info.plist;
				INFOPLIST_KEY_UIApplicationSceneManifest_Generation = YES;
				INFOPLIST_KEY_UIApplicationSupportsIndirectInputEvents = YES;
				INFOPLIST_KEY_UILaunchScreen_Generation = YES;
				INFOPLIST_KEY_UISupportedInterfaceOrientations_iPad = "UIInterfaceOrientationPortrait UIInterfaceOrientationPortraitUpsideDown UIInterfaceOrientationLandscapeLeft UIInterfaceOrientationLandscapeRight";
				INFOPLIST_KEY_UISupportedInterfaceOrientations_iPhone = "UIInterfaceOrientationPortrait UIInterfaceOrientationLandscapeLeft UIInterfaceOrientationLandscapeRight";
				LD_RUNPATH_SEARCH_PATHS = (
					"$(inherited)",
					"@executable_path/Frameworks",
				);
				MARKETING_VERSION = 1.0;
				PRODUCT_BUNDLE_IDENTIFIER = com.bsc.PizzaUI;
				PRODUCT_NAME = "$(TARGET_NAME)";
				SWIFT_EMIT_LOC_STRINGS = YES;
				SWIFT_VERSION = 5.0;
				TARGETED_DEVICE_FAMILY = "1,2";
			};
			name = Release;
		};
/* End XCBuildConfiguration section */

/* Begin XCConfigurationList section */
		4B346D5E2AE1921F009D98C5 /* Build configuration list for PBXProject "PizzaUI" */ = {
			isa = XCConfigurationList;
			buildConfigurations = (
				4B346D6F2AE19221009D98C5 /* Debug */,
				4B346D702AE19221009D98C5 /* Release */,
			);
			defaultConfigurationIsVisible = 0;
			defaultConfigurationName = Release;
		};
		4B346D712AE19221009D98C5 /* Build configuration list for PBXNativeTarget "PizzaUI" */ = {
			isa = XCConfigurationList;
			buildConfigurations = (
				4B346D722AE19221009D98C5 /* Debug */,
				4B346D732AE19221009D98C5 /* Release */,
			);
			defaultConfigurationIsVisible = 0;
			defaultConfigurationName = Release;
		};
/* End XCConfigurationList section */
	};
	rootObject = 4B346D5B2AE1921F009D98C5 /* Project object */;
}
